
Microsoft Visual Studio Solution File, Format Version 12.00
# Visual Studio Version 17
VisualStudioVersion = 17.13.35828.75 d17.13
MinimumVisualStudioVersion = 10.0.40219.1
Project("{8BC9CEB8-8B4A-11D0-8D11-00A0C91BC942}") = "snack_game", "snack_game\snack_game.vcxproj", "{54D25469-804F-4E32-9D36-FBAA13767830}"
EndProject
Global
	GlobalSection(SolutionConfigurationPlatforms) = preSolution
		Debug|x64 = Debug|x64
		Debug|x86 = Debug|x86
		Release|x64 = Release|x64
		Release|x86 = Release|x86
	EndGlobalSection
	GlobalSection(ProjectConfigurationPlatforms) = postSolution
		{54D25469-804F-4E32-9D36-FBAA13767830}.Debug|x64.ActiveCfg = Debug|x64
		{54D25469-804F-4E32-9D36-FBAA13767830}.Debug|x64.Build.0 = Debug|x64
		{54D25469-804F-4E32-9D36-FBAA13767830}.Debug|x86.ActiveCfg = Debug|Win32
		{54D25469-804F-4E32-9D36-FBAA13767830}.Debug|x86.Build.0 = Debug|Win32
		{54D25469-804F-4E32-9D36-FBAA13767830}.Release|x64.ActiveCfg = Release|x64
		{54D25469-804F-4E32-9D36-FBAA13767830}.Release|x64.Build.0 = Release|x64
		{54D25469-804F-4E32-9D36-FBAA13767830}.Release|x86.ActiveCfg = Release|Win32
		{54D25469-804F-4E32-9D36-FBAA13767830}.Release|x86.Build.0 = Release|Win32
	EndGlobalSection
	GlobalSection(SolutionProperties) = preSolution
		HideSolutionNode = FALSE
	EndGlobalSection
	GlobalSection(ExtensibilityGlobals) = postSolution
		SolutionGuid = {63A9ED58-F8DC-4130-BDC0-735CAB886783}
	EndGlobalSection
EndGlobal
